
Microsoft Visual Studio Solution File, Format Version 12.00
# Visual Studio Version 17
VisualStudioVersion = 17.14.36511.14 d17.14
MinimumVisualStudioVersion = 10.0.40219.1
Project("{FAE04EC0-301F-11D3-BF4B-00C04F79EFBC}") = "LAP8", "LAP8\LAP8.csproj", "{AA47959E-D9D8-453B-B2BE-3DB814968C62}"
EndProject
Global
	GlobalSection(SolutionConfigurationPlatforms) = preSolution
		Debug|Any CPU = Debug|Any CPU
		Release|Any CPU = Release|Any CPU
	EndGlobalSection
	GlobalSection(ProjectConfigurationPlatforms) = postSolution
		{AA47959E-D9D8-453B-B2BE-3DB814968C62}.Debug|Any CPU.ActiveCfg = Debug|Any CPU
		{AA47959E-D9D8-453B-B2BE-3DB814968C62}.Debug|Any CPU.Build.0 = Debug|Any CPU
		{AA47959E-D9D8-453B-B2BE-3DB814968C62}.Release|Any CPU.ActiveCfg = Release|Any CPU
		{AA47959E-D9D8-453B-B2BE-3DB814968C62}.Release|Any CPU.Build.0 = Release|Any CPU
	EndGlobalSection
	GlobalSection(SolutionProperties) = preSolution
		HideSolutionNode = FALSE
	EndGlobalSection
	GlobalSection(ExtensibilityGlobals) = postSolution
		SolutionGuid = {B4B8884E-240F-45A9-B778-61F4F3544DF8}
	EndGlobalSection
EndGlobal
